
Microsoft Visual Studio Solution File, Format Version 12.00
# Visual Studio Version 16
VisualStudioVersion = 16.0.30611.23
MinimumVisualStudioVersion = 10.0.40219.1
Project("{888888A0-9F3D-457C-B088-3A5042F75D52}") = "COP4533", "COP4533\COP4533.pyproj", "{F1DA70BB-05A4-4E57-A7A0-44B63A4ADCF3}"
EndProject
Global
	GlobalSection(SolutionConfigurationPlatforms) = preSolution
		Debug|Any CPU = Debug|Any CPU
		Release|Any CPU = Release|Any CPU
	EndGlobalSection
	GlobalSection(ProjectConfigurationPlatforms) = postSolution
		{F1DA70BB-05A4-4E57-A7A0-44B63A4ADCF3}.Debug|Any CPU.ActiveCfg = Debug|Any CPU
		{F1DA70BB-05A4-4E57-A7A0-44B63A4ADCF3}.Release|Any CPU.ActiveCfg = Release|Any CPU
	EndGlobalSection
	GlobalSection(SolutionProperties) = preSolution
		HideSolutionNode = FALSE
	EndGlobalSection
	GlobalSection(ExtensibilityGlobals) = postSolution
		SolutionGuid = {BC91DC71-4611-46D3-82C0-DBF6B79988C1}
	EndGlobalSection
EndGlobal
